github.com/gorilla/schema v1.2.0 h1:YufUaxZYCKGFuAq3c96BOhjgd5nmXiOY9NGzF247Tsc=
github.com/gorilla/schema v1.2.0/go.mod h1:kgLaKoK1FELgZqMAVxx/5cbj0kT+57qxUrAlIO2eleU=
github.com/joncalhoun/form v1.0.0 h1:Nht/CedrlO3ZbDk5IMkue5fmXj+eVA1GNY1YHplicwI=
github.com/joncalhoun/form v1.0.0/go.mod h1:UscFM1JwIfv5bbCWzfmFH8y5720xcC1W4uFGdChnBlc=
